{
  "name": "web-game-library",
  "version": "1.0.0",
  "lockfileVersion": 3,
  "requires": true,
  "packages": {
    "": {
      "name": "web-game-library",
      "version": "1.0.0",
      "license": "UNLICENSED",
      "dependencies": {
        "@webgpu/types": "^0.1.48"
      }
    },
    "node_modules/@webgpu/types": {
      "version": "0.1.48",
      "resolved": "https://registry.npmjs.org/@webgpu/types/-/types-0.1.48.tgz",
      "integrity": "sha512-e3zmDEPih4Rle+JrP5cT8nCCtDizoUpEaN72OuD1clbhXGERtn0wwuMdxOrBymu3kMLWKDd8hd+ERhSheLuLTg==",
      "license": "BSD-3-Clause"
    }
  }
}
